
Microsoft Visual Studio Solution File, Format Version 12.00
# Visual Studio Version 17
VisualStudioVersion = 17.13.35818.85 d17.13
MinimumVisualStudioVersion = 10.0.40219.1
Project("{FAE04EC0-301F-11D3-BF4B-00C04F79EFBC}") = "Anno1800", "Anno1800.csproj", "{D8E83DD9-99DB-431D-9B1B-4E15DFF2D9E6}"
EndProject
Global
	GlobalSection(SolutionConfigurationPlatforms) = preSolution
		Debug|Any CPU = Debug|Any CPU
		Release|Any CPU = Release|Any CPU
	EndGlobalSection
	GlobalSection(ProjectConfigurationPlatforms) = postSolution
		{D8E83DD9-99DB-431D-9B1B-4E15DFF2D9E6}.Debug|Any CPU.ActiveCfg = Debug|Any CPU
		{D8E83DD9-99DB-431D-9B1B-4E15DFF2D9E6}.Debug|Any CPU.Build.0 = Debug|Any CPU
		{D8E83DD9-99DB-431D-9B1B-4E15DFF2D9E6}.Debug|Any CPU.Deploy.0 = Debug|Any CPU
		{D8E83DD9-99DB-431D-9B1B-4E15DFF2D9E6}.Release|Any CPU.ActiveCfg = Release|Any CPU
		{D8E83DD9-99DB-431D-9B1B-4E15DFF2D9E6}.Release|Any CPU.Build.0 = Release|Any CPU
		{D8E83DD9-99DB-431D-9B1B-4E15DFF2D9E6}.Release|Any CPU.Deploy.0 = Release|Any CPU
	EndGlobalSection
	GlobalSection(SolutionProperties) = preSolution
		HideSolutionNode = FALSE
	EndGlobalSection
	GlobalSection(ExtensibilityGlobals) = postSolution
		SolutionGuid = {6086E9A6-0486-4B1D-B180-9F1A5C6E1ECC}
	EndGlobalSection
EndGlobal
